// !$*UTF8*$!
{
	archiveVersion = 1;
	classes = {
	};
	objectVersion = 56;
	objects = {

/* Begin PBXBuildFile section */
		5C70BC672A28A513007CD191 /* AppDelegate.swift in Sources */ = {isa = PBXBuildFile; fileRef = 5C70BC662A28A513007CD191 /* AppDelegate.swift */; };
		5C70BC692A28A513007CD191 /* SceneDelegate.swift in Sources */ = {isa = PBXBuildFile; fileRef = 5C70BC682A28A513007CD191 /* SceneDelegate.swift */; };
		5C70BC6B2A28A513007CD191 /* ViewController.swift in Sources */ = {isa = PBXBuildFile; fileRef = 5C70BC6A2A28A513007CD191 /* ViewController.swift */; };
		5C70BC6E2A28A513007CD191 /* Main.storyboard in Resources */ = {isa = PBXBuildFile; fileRef = 5C70BC6C2A28A513007CD191 /* Main.storyboard */; };
		5C70BC702A28A515007CD191 /* Assets.xcassets in Resources */ = {isa = PBXBuildFile; fileRef = 5C70BC6F2A28A515007CD191 /* Assets.xcassets */; };
		5C70BC732A28A515007CD191 /* LaunchScreen.storyboard in Resources */ = {isa = PBXBuildFile; fileRef = 5C70BC712A28A515007CD191 /* LaunchScreen.storyboard */; };
		5C70BC7E2A28A516007CD191 /* CounterTests.swift in Sources */ = {isa = PBXBuildFile; fileRef = 5C70BC7D2A28A516007CD191 /* CounterTests.swift */; };
		5C70BC882A28A516007CD191 /* CounterUITests.swift in Sources */ = {isa = PBXBuildFile; fileRef = 5C70BC872A28A516007CD191 /* CounterUITests.swift */; };
		5C70BC8A2A28A516007CD191 /* CounterUITestsLaunchTests.swift in Sources */ = {isa = PBXBuildFile; fileRef = 5C70BC892A28A516007CD191 /* CounterUITestsLaunchTests.swift */; };
/* End PBXBuildFile section */

/* Begin PBXContainerItemProxy section */
		5C70BC7A2A28A516007CD191 /* PBXContainerItemProxy */ = {
			isa = PBXContainerItemProxy;
			containerPortal = 5C70BC5B2A28A513007CD191 /* Project object */;
			proxyType = 1;
			remoteGlobalIDString = 5C70BC622A28A513007CD191;
			remoteInfo = Counter;
		};
		5C70BC842A28A516007CD191 /* PBXContainerItemProxy */ = {
			isa = PBXContainerItemProxy;
			containerPortal = 5C70BC5B2A28A513007CD191 /* Project object */;
			proxyType = 1;
			remoteGlobalIDString = 5C70BC622A28A513007CD191;
			remoteInfo = Counter;
		};
/* End PBXContainerItemProxy section */

/* Begin PBXFileReference section */
		5C70BC632A28A513007CD191 /* Counter.app */ = {isa = PBXFileReference; explicitFileType = wrapper.application; includeInIndex = 0; path = Counter.app; sourceTree = BUILT_PRODUCTS_DIR; };
		5C70BC662A28A513007CD191 /* AppDelegate.swift */ = {isa = PBXFileReference; lastKnownFileType = sourcecode.swift; path = AppDelegate.swift; sourceTree = "<group>"; };
		5C70BC682A28A513007CD191 /* SceneDelegate.swift */ = {isa = PBXFileReference; lastKnownFileType = sourcecode.swift; path = SceneDelegate.swift; sourceTree = "<group>"; };
		5C70BC6A2A28A513007CD191 /* ViewController.swift */ = {isa = PBXFileReference; lastKnownFileType = sourcecode.swift; path = ViewController.swift; sourceTree = "<group>"; };
		5C70BC6D2A28A513007CD191 /* Base */ = {isa = PBXFileReference; lastKnownFileType = file.storyboard; name = Base; path = Base.lproj/Main.storyboard; sourceTree = "<group>"; };
		5C70BC6F2A28A515007CD191 /* Assets.xcassets */ = {isa = PBXFileReference; lastKnownFileType = folder.assetcatalog; path = Assets.xcassets; sourceTree = "<group>"; };
		5C70BC722A28A515007CD191 /* Base */ = {isa = PBXFileReference; lastKnownFileType = file.storyboard; name = Base; path = Base.lproj/LaunchScreen.storyboard; sourceTree = "<group>"; };
		5C70BC742A28A515007CD191 /* Info.plist */ = {isa = PBXFileReference; lastKnownFileType = text.plist.xml; path = Info.plist; sourceTree = "<group>"; };
		5C70BC792A28A516007CD191 /* CounterTests.xctest */ = {isa = PBXFileReference; explicitFileType = wrapper.cfbundle; includeInIndex = 0; path = CounterTests.xctest; sourceTree = BUILT_PRODUCTS_DIR; };
		5C70BC7D2A28A516007CD191 /* CounterTests.swift */ = {isa = PBXFileReference; lastKnownFileType = sourcecode.swift; path = CounterTests.swift; sourceTree = "<group>"; };
		5C70BC832A28A516007CD191 /* CounterUITests.xctest */ = {isa = PBXFileReference; explicitFileType = wrapper.cfbundle; includeInIndex = 0; path = CounterUITests.xctest; sourceTree = BUILT_PRODUCTS_DIR; };
		5C70BC872A28A516007CD191 /* CounterUITests.swift */ = {isa = PBXFileReference; lastKnownFileType = sourcecode.swift; path = CounterUITests.swift; sourceTree = "<group>"; };
		5C70BC892A28A516007CD191 /* CounterUITestsLaunchTests.swift */ = {isa = PBXFileReference; lastKnownFileType = sourcecode.swift; path = CounterUITestsLaunchTests.swift; sourceTree = "<group>"; };
/* End PBXFileReference section */

/* Begin PBXFrameworksBuildPhase section */
		5C70BC602A28A513007CD191 /* Frameworks */ = {
			isa = PBXFrameworksBuildPhase;
			buildActionMask = 2147483647;
			files = (
			);
			runOnlyForDeploymentPostprocessing = 0;
		};
		5C70BC762A28A516007CD191 /* Frameworks */ = {
			isa = PBXFrameworksBuildPhase;
			buildActionMask = 2147483647;
			files = (
			);
			runOnlyForDeploymentPostprocessing = 0;
		};
		5C70BC802A28A516007CD191 /* Frameworks */ = {
			isa = PBXFrameworksBuildPhase;
			buildActionMask = 2147483647;
			files = (
			);
			runOnlyForDeploymentPostprocessing = 0;
		};
/* End PBXFrameworksBuildPhase section */

/* Begin PBXGroup section */
		5C70BC5A2A28A513007CD191 = {
			isa = PBXGroup;
			children = (
				5C70BC652A28A513007CD191 /* Counter */,
				5C70BC7C2A28A516007CD191 /* CounterTests */,
				5C70BC862A28A516007CD191 /* CounterUITests */,
				5C70BC642A28A513007CD191 /* Products */,
			);
			sourceTree = "<group>";
		};
		5C70BC642A28A513007CD191 /* Products */ = {
			isa = PBXGroup;
			children = (
				5C70BC632A28A513007CD191 /* Counter.app */,
				5C70BC792A28A516007CD191 /* CounterTests.xctest */,
				5C70BC832A28A516007CD191 /* CounterUITests.xctest */,
			);
			name = Products;
			sourceTree = "<group>";
		};
		5C70BC652A28A513007CD191 /* Counter */ = {
			isa = PBXGroup;
			children = (
				5C70BC662A28A513007CD191 /* AppDelegate.swift */,
				5C70BC682A28A513007CD191 /* SceneDelegate.swift */,
				5C70BC6A2A28A513007CD191 /* ViewController.swift */,
				5C70BC6C2A28A513007CD191 /* Main.storyboard */,
				5C70BC6F2A28A515007CD191 /* Assets.xcassets */,
				5C70BC712A28A515007CD191 /* LaunchScreen.storyboard */,
				5C70BC742A28A515007CD191 /* Info.plist */,
			);
			path = Counter;
			sourceTree = "<group>";
		};
		5C70BC7C2A28A516007CD191 /* CounterTests */ = {
			isa = PBXGroup;
			children = (
				5C70BC7D2A28A516007CD191 /* CounterTests.swift */,
			);
			path = CounterTests;
			sourceTree = "<group>";
		};
		5C70BC862A28A516007CD191 /* CounterUITests */ = {
			isa = PBXGroup;
			children = (
				5C70BC872A28A516007CD191 /* CounterUITests.swift */,
				5C70BC892A28A516007CD191 /* CounterUITestsLaunchTests.swift */,
			);
			path = CounterUITests;
			sourceTree = "<group>";
		};
/* End PBXGroup section */

/* Begin PBXNativeTarget section */
		5C70BC622A28A513007CD191 /* Counter */ = {
			isa = PBXNativeTarget;
			buildConfigurationList = 5C70BC8D2A28A516007CD191 /* Build configuration list for PBXNativeTarget "Counter" */;
			buildPhases = (
				5C70BC5F2A28A513007CD191 /* Sources */,
				5C70BC602A28A513007CD191 /* Frameworks */,
				5C70BC612A28A513007CD191 /* Resources */,
			);
			buildRules = (
			);
			dependencies = (
			);
			name = Counter;
			productName = Counter;
			productReference = 5C70BC632A28A513007CD191 /* Counter.app */;
			productType = "com.apple.product-type.application";
		};
		5C70BC782A28A516007CD191 /* CounterTests */ = {
			isa = PBXNativeTarget;
			buildConfigurationList = 5C70BC902A28A516007CD191 /* Build configuration list for PBXNativeTarget "CounterTests" */;
			buildPhases = (
				5C70BC752A28A516007CD191 /* Sources */,
				5C70BC762A28A516007CD191 /* Frameworks */,
				5C70BC772A28A516007CD191 /* Resources */,
			);
			buildRules = (
			);
			dependencies = (
				5C70BC7B2A28A516007CD191 /* PBXTargetDependency */,
			);
			name = CounterTests;
			productName = CounterTests;
			productReference = 5C70BC792A28A516007CD191 /* CounterTests.xctest */;
			productType = "com.apple.product-type.bundle.unit-test";
		};
		5C70BC822A28A516007CD191 /* CounterUITests */ = {
			isa = PBXNativeTarget;
			buildConfigurationList = 5C70BC932A28A516007CD191 /* Build configuration list for PBXNativeTarget "CounterUITests" */;
			buildPhases = (
				5C70BC7F2A28A516007CD191 /* Sources */,
				5C70BC802A28A516007CD191 /* Frameworks */,
				5C70BC812A28A516007CD191 /* Resources */,
			);
			buildRules = (
			);
			dependencies = (
				5C70BC852A28A516007CD191 /* PBXTargetDependency */,
			);
			name = CounterUITests;
			productName = CounterUITests;
			productReference = 5C70BC832A28A516007CD191 /* CounterUITests.xctest */;
			productType = "com.apple.product-type.bundle.ui-testing";
		};
/* End PBXNativeTarget section */

/* Begin PBXProject section */
		5C70BC5B2A28A513007CD191 /* Project object */ = {
			isa = PBXProject;
			attributes = {
				BuildIndependentTargetsInParallel = 1;
				LastSwiftUpdateCheck = 1420;
				LastUpgradeCheck = 1420;
				TargetAttributes = {
					5C70BC622A28A513007CD191 = {
						CreatedOnToolsVersion = 14.2;
					};
					5C70BC782A28A516007CD191 = {
						CreatedOnToolsVersion = 14.2;
						TestTargetID = 5C70BC622A28A513007CD191;
					};
					5C70BC822A28A516007CD191 = {
						CreatedOnToolsVersion = 14.2;
						TestTargetID = 5C70BC622A28A513007CD191;
					};
				};
			};
			buildConfigurationList = 5C70BC5E2A28A513007CD191 /* Build configuration list for PBXProject "Counter" */;
			compatibilityVersion = "Xcode 14.0";
			developmentRegion = en;
			hasScannedForEncodings = 0;
			knownRegions = (
				en,
				Base,
			);
			mainGroup = 5C70BC5A2A28A513007CD191;
			productRefGroup = 5C70BC642A28A513007CD191 /* Products */;
			projectDirPath = "";
			projectRoot = "";
			targets = (
				5C70BC622A28A513007CD191 /* Counter */,
				5C70BC782A28A516007CD191 /* CounterTests */,
				5C70BC822A28A516007CD191 /* CounterUITests */,
			);
		};
/* End PBXProject section */

/* Begin PBXResourcesBuildPhase section */
		5C70BC612A28A513007CD191 /* Resources */ = {
			isa = PBXResourcesBuildPhase;
			buildActionMask = 2147483647;
			files = (
				5C70BC732A28A515007CD191 /* LaunchScreen.storyboard in Resources */,
				5C70BC702A28A515007CD191 /* Assets.xcassets in Resources */,
				5C70BC6E2A28A513007CD191 /* Main.storyboard in Resources */,
			);
			runOnlyForDeploymentPostprocessing = 0;
		};
		5C70BC772A28A516007CD191 /* Resources */ = {
			isa = PBXResourcesBuildPhase;
			buildActionMask = 2147483647;
			files = (
			);
			runOnlyForDeploymentPostprocessing = 0;
		};
		5C70BC812A28A516007CD191 /* Resources */ = {
			isa = PBXResourcesBuildPhase;
			buildActionMask = 2147483647;
			files = (
			);
			runOnlyForDeploymentPostprocessing = 0;
		};
/* End PBXResourcesBuildPhase section */

/* Begin PBXSourcesBuildPhase section */
		5C70BC5F2A28A513007CD191 /* Sources */ = {
			isa = PBXSourcesBuildPhase;
			buildActionMask = 2147483647;
			files = (
				5C70BC6B2A28A513007CD191 /* ViewController.swift in Sources */,
				5C70BC672A28A513007CD191 /* AppDelegate.swift in Sources */,
				5C70BC692A28A513007CD191 /* SceneDelegate.swift in Sources */,
			);
			runOnlyForDeploymentPostprocessing = 0;
		};
		5C70BC752A28A516007CD191 /* Sources */ = {
			isa = PBXSourcesBuildPhase;
			buildActionMask = 2147483647;
			files = (
				5C70BC7E2A28A516007CD191 /* CounterTests.swift in Sources */,
			);
			runOnlyForDeploymentPostprocessing = 0;
		};
		5C70BC7F2A28A516007CD191 /* Sources */ = {
			isa = PBXSourcesBuildPhase;
			buildActionMask = 2147483647;
			files = (
				5C70BC882A28A516007CD191 /* CounterUITests.swift in Sources */,
				5C70BC8A2A28A516007CD191 /* CounterUITestsLaunchTests.swift in Sources */,
			);
			runOnlyForDeploymentPostprocessing = 0;
		};
/* End PBXSourcesBuildPhase section */

/* Begin PBXTargetDependency section */
		5C70BC7B2A28A516007CD191 /* PBXTargetDependency */ = {
			isa = PBXTargetDependency;
			target = 5C70BC622A28A513007CD191 /* Counter */;
			targetProxy = 5C70BC7A2A28A516007CD191 /* PBXContainerItemProxy */;
		};
		5C70BC852A28A516007CD191 /* PBXTargetDependency */ = {
			isa = PBXTargetDependency;
			target = 5C70BC622A28A513007CD191 /* Counter */;
			targetProxy = 5C70BC842A28A516007CD191 /* PBXContainerItemProxy */;
		};
/* End PBXTargetDependency section */

/* Begin PBXVariantGroup section */
		5C70BC6C2A28A513007CD191 /* Main.storyboard */ = {
			isa = PBXVariantGroup;
			children = (
				5C70BC6D2A28A513007CD191 /* Base */,
			);
			name = Main.storyboard;
			sourceTree = "<group>";
		};
		5C70BC712A28A515007CD191 /* LaunchScreen.storyboard */ = {
			isa = PBXVariantGroup;
			children = (
				5C70BC722A28A515007CD191 /* Base */,
			);
			name = LaunchScreen.storyboard;
			sourceTree = "<group>";
		};
/* End PBXVariantGroup section */

/* Begin XCBuildConfiguration section */
		5C70BC8B2A28A516007CD191 /* Debug */ = {
			isa = XCBuildConfiguration;
			buildSettings = {
				ALWAYS_SEARCH_USER_PATHS = NO;
				CLANG_ANALYZER_NONNULL = YES;
				CLANG_ANALYZER_NUMBER_OBJECT_CONVERSION = YES_AGGRESSIVE;
				CLANG_CXX_LANGUAGE_STANDARD = "gnu++20";
				CLANG_ENABLE_MODULES = YES;
				CLANG_ENABLE_OBJC_ARC = YES;
				CLANG_ENABLE_OBJC_WEAK = YES;
				CLANG_WARN_BLOCK_CAPTURE_AUTORELEASING = YES;
				CLANG_WARN_BOOL_CONVERSION = YES;
				CLANG_WARN_COMMA = YES;
				CLANG_WARN_CONSTANT_CONVERSION = YES;
				CLANG_WARN_DEPRECATED_OBJC_IMPLEMENTATIONS = YES;
				CLANG_WARN_DIRECT_OBJC_ISA_USAGE = YES_ERROR;
				CLANG_WARN_DOCUMENTATION_COMMENTS = YES;
				CLANG_WARN_EMPTY_BODY = YES;
				CLANG_WARN_ENUM_CONVERSION = YES;
				CLANG_WARN_INFINITE_RECURSION = YES;
				CLANG_WARN_INT_CONVERSION = YES;
				CLANG_WARN_NON_LITERAL_NULL_CONVERSION = YES;
				CLANG_WARN_OBJC_IMPLICIT_RETAIN_SELF = YES;
				CLANG_WARN_OBJC_LITERAL_CONVERSION = YES;
				CLANG_WARN_OBJC_ROOT_CLASS = YES_ERROR;
				CLANG_WARN_QUOTED_INCLUDE_IN_FRAMEWORK_HEADER = YES;
				CLANG_WARN_RANGE_LOOP_ANALYSIS = YES;
				CLANG_WARN_STRICT_PROTOTYPES = YES;
				CLANG_WARN_SUSPICIOUS_MOVE = YES;
				CLANG_WARN_UNGUARDED_AVAILABILITY = YES_AGGRESSIVE;
				CLANG_WARN_UNREACHABLE_CODE = YES;
				CLANG_WARN__DUPLICATE_METHOD_MATCH = YES;
				COPY_PHASE_STRIP = NO;
				DEBUG_INFORMATION_FORMAT = dwarf;
				ENABLE_STRICT_OBJC_MSGSEND = YES;
				ENABLE_TESTABILITY = YES;
				GCC_C_LANGUAGE_STANDARD = gnu11;
				GCC_DYNAMIC_NO_PIC = NO;
				GCC_NO_COMMON_BLOCKS = YES;
				GCC_OPTIMIZATION_LEVEL = 0;
				GCC_PREPROCESSOR_DEFINITIONS = (
					"DEBUG=1",
					"$(inherited)",
				);
				GCC_WARN_64_TO_32_BIT_CONVERSION = YES;
				GCC_WARN_ABOUT_RETURN_TYPE = YES_ERROR;
				GCC_WARN_UNDECLARED_SELECTOR = YES;
				GCC_WARN_UNINITIALIZED_AUTOS = YES_AGGRESSIVE;
				GCC_WARN_UNUSED_FUNCTION = YES;
				GCC_WARN_UNUSED_VARIABLE = YES;
				IPHONEOS_DEPLOYMENT_TARGET = 16.2;
				MTL_ENABLE_DEBUG_INFO = INCLUDE_SOURCE;
				MTL_FAST_MATH = YES;
				ONLY_ACTIVE_ARCH = YES;
				SDKROOT = iphoneos;
				SWIFT_ACTIVE_COMPILATION_CONDITIONS = DEBUG;
				SWIFT_OPTIMIZATION_LEVEL = "-Onone";
			};
			name = Debug;
		};
		5C70BC8C2A28A516007CD191 /* Release */ = {
			isa = XCBuildConfiguration;
			buildSettings = {
				ALWAYS_SEARCH_USER_PATHS = NO;
				CLANG_ANALYZER_NONNULL = YES;
				CLANG_ANALYZER_NUMBER_OBJECT_CONVERSION = YES_AGGRESSIVE;
				CLANG_CXX_LANGUAGE_STANDARD = "gnu++20";
				CLANG_ENABLE_MODULES = YES;
				CLANG_ENABLE_OBJC_ARC = YES;
				CLANG_ENABLE_OBJC_WEAK = YES;
				CLANG_WARN_BLOCK_CAPTURE_AUTORELEASING = YES;
				CLANG_WARN_BOOL_CONVERSION = YES;
				CLANG_WARN_COMMA = YES;
				CLANG_WARN_CONSTANT_CONVERSION = YES;
				CLANG_WARN_DEPRECATED_OBJC_IMPLEMENTATIONS = YES;
				CLANG_WARN_DIRECT_OBJC_ISA_USAGE = YES_ERROR;
				CLANG_WARN_DOCUMENTATION_COMMENTS = YES;
				CLANG_WARN_EMPTY_BODY = YES;
				CLANG_WARN_ENUM_CONVERSION = YES;
				CLANG_WARN_INFINITE_RECURSION = YES;
				CLANG_WARN_INT_CONVERSION = YES;
				CLANG_WARN_NON_LITERAL_NULL_CONVERSION = YES;
				CLANG_WARN_OBJC_IMPLICIT_RETAIN_SELF = YES;
				CLANG_WARN_OBJC_LITERAL_CONVERSION = YES;
				CLANG_WARN_OBJC_ROOT_CLASS = YES_ERROR;
				CLANG_WARN_QUOTED_INCLUDE_IN_FRAMEWORK_HEADER = YES;
				CLANG_WARN_RANGE_LOOP_ANALYSIS = YES;
				CLANG_WARN_STRICT_PROTOTYPES = YES;
				CLANG_WARN_SUSPICIOUS_MOVE = YES;
				CLANG_WARN_UNGUARDED_AVAILABILITY = YES_AGGRESSIVE;
				CLANG_WARN_UNREACHABLE_CODE = YES;
				CLANG_WARN__DUPLICATE_METHOD_MATCH = YES;
				COPY_PHASE_STRIP = NO;
				DEBUG_INFORMATION_FORMAT = "dwarf-with-dsym";
				ENABLE_NS_ASSERTIONS = NO;
				ENABLE_STRICT_OBJC_MSGSEND = YES;
				GCC_C_LANGUAGE_STANDARD = gnu11;
				GCC_NO_COMMON_BLOCKS = YES;
				GCC_WARN_64_TO_32_BIT_CONVERSION = YES;
				GCC_WARN_ABOUT_RETURN_TYPE = YES_ERROR;
				GCC_WARN_UNDECLARED_SELECTOR = YES;
				GCC_WARN_UNINITIALIZED_AUTOS = YES_AGGRESSIVE;
				GCC_WARN_UNUSED_FUNCTION = YES;
				GCC_WARN_UNUSED_VARIABLE = YES;
				IPHONEOS_DEPLOYMENT_TARGET = 16.2;
				MTL_ENABLE_DEBUG_INFO = NO;
				MTL_FAST_MATH = YES;
				SDKROOT = iphoneos;
				SWIFT_COMPILATION_MODE = wholemodule;
				SWIFT_OPTIMIZATION_LEVEL = "-O";
				VALIDATE_PRODUCT = YES;
			};
			name = Release;
		};
		5C70BC8E2A28A516007CD191 /* Debug */ = {
			isa = XCBuildConfiguration;
			buildSettings = {
				ASSETCATALOG_COMPILER_APPICON_NAME = AppIcon;
				ASSETCATALOG_COMPILER_GLOBAL_ACCENT_COLOR_NAME = AccentColor;
				CODE_SIGN_STYLE = Automatic;
				CURRENT_PROJECT_VERSION = 1;
				GENERATE_INFOPLIST_FILE = YES;
				INFOPLIST_FILE = Counter/Info.plist;
				INFOPLIST_KEY_UIApplicationSupportsIndirectInputEvents = YES;
				INFOPLIST_KEY_UILaunchStoryboardName = LaunchScreen;
				INFOPLIST_KEY_UIMainStoryboardFile = Main;
				INFOPLIST_KEY_UISupportedInterfaceOrientations_iPad = "UIInterfaceOrientationPortrait UIInterfaceOrientationPortraitUpsideDown UIInterfaceOrientationLandscapeLeft UIInterfaceOrientationLandscapeRight";
				INFOPLIST_KEY_UISupportedInterfaceOrientations_iPhone = "UIInterfaceOrientationPortrait UIInterfaceOrientationLandscapeLeft UIInterfaceOrientationLandscapeRight";
				LD_RUNPATH_SEARCH_PATHS = (
					"$(inherited)",
					"@executable_path/Frameworks",
				);
				MARKETING_VERSION = 1.0;
				PRODUCT_BUNDLE_IDENTIFIER = test.Counter;
				PRODUCT_NAME = "$(TARGET_NAME)";
				SWIFT_EMIT_LOC_STRINGS = YES;
				SWIFT_VERSION = 5.0;
				TARGETED_DEVICE_FAMILY = "1,2";
			};
			name = Debug;
		};
		5C70BC8F2A28A516007CD191 /* Release */ = {
			isa = XCBuildConfiguration;
			buildSettings = {
				ASSETCATALOG_COMPILER_APPICON_NAME = AppIcon;
				ASSETCATALOG_COMPILER_GLOBAL_ACCENT_COLOR_NAME = AccentColor;
				CODE_SIGN_STYLE = Automatic;
				CURRENT_PROJECT_VERSION = 1;
				GENERATE_INFOPLIST_FILE = YES;
				INFOPLIST_FILE = Counter/Info.plist;
				INFOPLIST_KEY_UIApplicationSupportsIndirectInputEvents = YES;
				INFOPLIST_KEY_UILaunchStoryboardName = LaunchScreen;
				INFOPLIST_KEY_UIMainStoryboardFile = Main;
				INFOPLIST_KEY_UISupportedInterfaceOrientations_iPad = "UIInterfaceOrientationPortrait UIInterfaceOrientationPortraitUpsideDown UIInterfaceOrientationLandscapeLeft UIInterfaceOrientationLandscapeRight";
				INFOPLIST_KEY_UISupportedInterfaceOrientations_iPhone = "UIInterfaceOrientationPortrait UIInterfaceOrientationLandscapeLeft UIInterfaceOrientationLandscapeRight";
				LD_RUNPATH_SEARCH_PATHS = (
					"$(inherited)",
					"@executable_path/Frameworks",
				);
				MARKETING_VERSION = 1.0;
				PRODUCT_BUNDLE_IDENTIFIER = test.Counter;
				PRODUCT_NAME = "$(TARGET_NAME)";
				SWIFT_EMIT_LOC_STRINGS = YES;
				SWIFT_VERSION = 5.0;
				TARGETED_DEVICE_FAMILY = "1,2";
			};
			name = Release;
		};
		5C70BC912A28A516007CD191 /* Debug */ = {
			isa = XCBuildConfiguration;
			buildSettings = {
				ALWAYS_EMBED_SWIFT_STANDARD_LIBRARIES = YES;
				BUNDLE_LOADER = "$(TEST_HOST)";
				CODE_SIGN_STYLE = Automatic;
				CURRENT_PROJECT_VERSION = 1;
				GENERATE_INFOPLIST_FILE = YES;
				IPHONEOS_DEPLOYMENT_TARGET = 16.2;
				MARKETING_VERSION = 1.0;
				PRODUCT_BUNDLE_IDENTIFIER = test.CounterTests;
				PRODUCT_NAME = "$(TARGET_NAME)";
				SWIFT_EMIT_LOC_STRINGS = NO;
				SWIFT_VERSION = 5.0;
				TARGETED_DEVICE_FAMILY = "1,2";
				TEST_HOST = "$(BUILT_PRODUCTS_DIR)/Counter.app/$(BUNDLE_EXECUTABLE_FOLDER_PATH)/Counter";
			};
			name = Debug;
		};
		5C70BC922A28A516007CD191 /* Release */ = {
			isa = XCBuildConfiguration;
			buildSettings = {
				ALWAYS_EMBED_SWIFT_STANDARD_LIBRARIES = YES;
				BUNDLE_LOADER = "$(TEST_HOST)";
				CODE_SIGN_STYLE = Automatic;
				CURRENT_PROJECT_VERSION = 1;
				GENERATE_INFOPLIST_FILE = YES;
				IPHONEOS_DEPLOYMENT_TARGET = 16.2;
				MARKETING_VERSION = 1.0;
				PRODUCT_BUNDLE_IDENTIFIER = test.CounterTests;
				PRODUCT_NAME = "$(TARGET_NAME)";
				SWIFT_EMIT_LOC_STRINGS = NO;
				SWIFT_VERSION = 5.0;
				TARGETED_DEVICE_FAMILY = "1,2";
				TEST_HOST = "$(BUILT_PRODUCTS_DIR)/Counter.app/$(BUNDLE_EXECUTABLE_FOLDER_PATH)/Counter";
			};
			name = Release;
		};
		5C70BC942A28A516007CD191 /* Debug */ = {
			isa = XCBuildConfiguration;
			buildSettings = {
				ALWAYS_EMBED_SWIFT_STANDARD_LIBRARIES = YES;
				CODE_SIGN_STYLE = Automatic;
				CURRENT_PROJECT_VERSION = 1;
				GENERATE_INFOPLIST_FILE = YES;
				MARKETING_VERSION = 1.0;
				PRODUCT_BUNDLE_IDENTIFIER = test.CounterUITests;
				PRODUCT_NAME = "$(TARGET_NAME)";
				SWIFT_EMIT_LOC_STRINGS = NO;
				SWIFT_VERSION = 5.0;
				TARGETED_DEVICE_FAMILY = "1,2";
				TEST_TARGET_NAME = Counter;
			};
			name = Debug;
		};
		5C70BC952A28A516007CD191 /* Release */ = {
			isa = XCBuildConfiguration;
			buildSettings = {
				ALWAYS_EMBED_SWIFT_STANDARD_LIBRARIES = YES;
				CODE_SIGN_STYLE = Automatic;
				CURRENT_PROJECT_VERSION = 1;
				GENERATE_INFOPLIST_FILE = YES;
				MARKETING_VERSION = 1.0;
				PRODUCT_BUNDLE_IDENTIFIER = test.CounterUITests;
				PRODUCT_NAME = "$(TARGET_NAME)";
				SWIFT_EMIT_LOC_STRINGS = NO;
				SWIFT_VERSION = 5.0;
				TARGETED_DEVICE_FAMILY = "1,2";
				TEST_TARGET_NAME = Counter;
			};
			name = Release;
		};
/* End XCBuildConfiguration section */

/* Begin XCConfigurationList section */
		5C70BC5E2A28A513007CD191 /* Build configuration list for PBXProject "Counter" */ = {
			isa = XCConfigurationList;
			buildConfigurations = (
				5C70BC8B2A28A516007CD191 /* Debug */,
				5C70BC8C2A28A516007CD191 /* Release */,
			);
			defaultConfigurationIsVisible = 0;
			defaultConfigurationName = Release;
		};
		5C70BC8D2A28A516007CD191 /* Build configuration list for PBXNativeTarget "Counter" */ = {
			isa = XCConfigurationList;
			buildConfigurations = (
				5C70BC8E2A28A516007CD191 /* Debug */,
				5C70BC8F2A28A516007CD191 /* Release */,
			);
			defaultConfigurationIsVisible = 0;
			defaultConfigurationName = Release;
		};
		5C70BC902A28A516007CD191 /* Build configuration list for PBXNativeTarget "CounterTests" */ = {
			isa = XCConfigurationList;
			buildConfigurations = (
				5C70BC912A28A516007CD191 /* Debug */,
				5C70BC922A28A516007CD191 /* Release */,
			);
			defaultConfigurationIsVisible = 0;
			defaultConfigurationName = Release;
		};
		5C70BC932A28A516007CD191 /* Build configuration list for PBXNativeTarget "CounterUITests" */ = {
			isa = XCConfigurationList;
			buildConfigurations = (
				5C70BC942A28A516007CD191 /* Debug */,
				5C70BC952A28A516007CD191 /* Release */,
			);
			defaultConfigurationIsVisible = 0;
			defaultConfigurationName = Release;
		};
/* End XCConfigurationList section */
	};
	rootObject = 5C70BC5B2A28A513007CD191 /* Project object */;
}
